
Microsoft Visual Studio Solution File, Format Version 12.00
# Visual Studio Version 17
VisualStudioVersion = 17.3.32901.215
MinimumVisualStudioVersion = 10.0.40219.1
Project("{FAE04EC0-301F-11D3-BF4B-00C04F79EFBC}") = "HttpServer", "HttpServer\HttpServer.csproj", "{7EEF82EA-810F-4268-BF45-83C7571CC531}"
EndProject
Global
	GlobalSection(SolutionConfigurationPlatforms) = preSolution
		Debug|Any CPU = Debug|Any CPU
		Release|Any CPU = Release|Any CPU
	EndGlobalSection
	GlobalSection(ProjectConfigurationPlatforms) = postSolution
		{7EEF82EA-810F-4268-BF45-83C7571CC531}.Debug|Any CPU.ActiveCfg = Debug|Any CPU
		{7EEF82EA-810F-4268-BF45-83C7571CC531}.Debug|Any CPU.Build.0 = Debug|Any CPU
		{7EEF82EA-810F-4268-BF45-83C7571CC531}.Release|Any CPU.ActiveCfg = Release|Any CPU
		{7EEF82EA-810F-4268-BF45-83C7571CC531}.Release|Any CPU.Build.0 = Release|Any CPU
	EndGlobalSection
	GlobalSection(SolutionProperties) = preSolution
		HideSolutionNode = FALSE
	EndGlobalSection
	GlobalSection(ExtensibilityGlobals) = postSolution
		SolutionGuid = {CFE16082-D09B-4BE0-A5B5-8C999D21BF81}
	EndGlobalSection
EndGlobal
